
Microsoft Visual Studio Solution File, Format Version 12.00
# Visual Studio Version 17
VisualStudioVersion = 17.3.32819.101
MinimumVisualStudioVersion = 10.0.40219.1
Project("{FAE04EC0-301F-11D3-BF4B-00C04F79EFBC}") = "Uppgift 2_11", "Uppgift 2_11\Uppgift 2_11.csproj", "{D8601C1E-F2B5-4E42-B00E-AF3D81EECF78}"
EndProject
Global
	GlobalSection(SolutionConfigurationPlatforms) = preSolution
		Debug|Any CPU = Debug|Any CPU
		Release|Any CPU = Release|Any CPU
	EndGlobalSection
	GlobalSection(ProjectConfigurationPlatforms) = postSolution
		{D8601C1E-F2B5-4E42-B00E-AF3D81EECF78}.Debug|Any CPU.ActiveCfg = Debug|Any CPU
		{D8601C1E-F2B5-4E42-B00E-AF3D81EECF78}.Debug|Any CPU.Build.0 = Debug|Any CPU
		{D8601C1E-F2B5-4E42-B00E-AF3D81EECF78}.Release|Any CPU.ActiveCfg = Release|Any CPU
		{D8601C1E-F2B5-4E42-B00E-AF3D81EECF78}.Release|Any CPU.Build.0 = Release|Any CPU
	EndGlobalSection
	GlobalSection(SolutionProperties) = preSolution
		HideSolutionNode = FALSE
	EndGlobalSection
	GlobalSection(ExtensibilityGlobals) = postSolution
		SolutionGuid = {75708587-2FBC-4D09-8FC7-053739A72F8E}
	EndGlobalSection
EndGlobal
